dependencies:
  espressif/mpu6050:
    component_hash: d69219ccb141372b863c511749ffbeab28417ac71c205d7ed7030c308e1b6832
    source:
      service_url: https://api.components.espressif.com/
      type: service
    version: 1.2.0
  idf:
    component_hash: null
    source:
      type: idf
    version: 5.2.0
manifest_hash: 60f0446f19250b5e5991059b2a7dfe2da7bcff32b268eae5e0029f4ef3a67ee0
target: esp32c3
version: 1.0.0
